
Microsoft Visual Studio Solution File, Format Version 12.00
# Visual Studio Version 16
VisualStudioVersion = 16.0.30104.148
MinimumVisualStudioVersion = 10.0.40219.1
Project("{FAE04EC0-301F-11D3-BF4B-00C04F79EFBC}") = "FE", "TP-4\FE.csproj", "{2E77A6C3-0E0A-4E39-82B2-369C4DE70881}"
EndProject
Project("{FAE04EC0-301F-11D3-BF4B-00C04F79EFBC}") = "BA", "BA\BA.csproj", "{65C78CAB-9246-4BE6-A406-F3CCCAF088B1}"
EndProject
Global
	GlobalSection(SolutionConfigurationPlatforms) = preSolution
		Debug|Any CPU = Debug|Any CPU
		Release|Any CPU = Release|Any CPU
	EndGlobalSection
	GlobalSection(ProjectConfigurationPlatforms) = postSolution
		{2E77A6C3-0E0A-4E39-82B2-369C4DE70881}.Debug|Any CPU.ActiveCfg = Debug|Any CPU
		{2E77A6C3-0E0A-4E39-82B2-369C4DE70881}.Debug|Any CPU.Build.0 = Debug|Any CPU
		{2E77A6C3-0E0A-4E39-82B2-369C4DE70881}.Release|Any CPU.ActiveCfg = Release|Any CPU
		{2E77A6C3-0E0A-4E39-82B2-369C4DE70881}.Release|Any CPU.Build.0 = Release|Any CPU
		{65C78CAB-9246-4BE6-A406-F3CCCAF088B1}.Debug|Any CPU.ActiveCfg = Debug|Any CPU
		{65C78CAB-9246-4BE6-A406-F3CCCAF088B1}.Debug|Any CPU.Build.0 = Debug|Any CPU
		{65C78CAB-9246-4BE6-A406-F3CCCAF088B1}.Release|Any CPU.ActiveCfg = Release|Any CPU
		{65C78CAB-9246-4BE6-A406-F3CCCAF088B1}.Release|Any CPU.Build.0 = Release|Any CPU
	EndGlobalSection
	GlobalSection(SolutionProperties) = preSolution
		HideSolutionNode = FALSE
	EndGlobalSection
	GlobalSection(ExtensibilityGlobals) = postSolution
		SolutionGuid = {77C7839B-0D1B-4B74-A077-9E4EFCA8F058}
	EndGlobalSection
EndGlobal
